
Microsoft Visual Studio Solution File, Format Version 12.00
# Visual Studio Version 17
VisualStudioVersion = 17.10.34916.146
MinimumVisualStudioVersion = 10.0.40219.1
Project("{9A19103F-16F7-4668-BE54-9A1E7A4F7556}") = "STRATEGY.CLIENT", "STRATEGY.CLIENT\STRATEGY.CLIENT.csproj", "{737B4D62-9F16-4939-BCD4-4BCD76BAA9CF}"
EndProject
Project("{9A19103F-16F7-4668-BE54-9A1E7A4F7556}") = "STRATEGY.WEBAPI", "STRATEGY.WEBAPI\STRATEGY.WEBAPI.csproj", "{DEDAF3CA-EDF4-4507-A40E-9684EA5C5EF6}"
EndProject
Global
	GlobalSection(SolutionConfigurationPlatforms) = preSolution
		Debug|Any CPU = Debug|Any CPU
		Release|Any CPU = Release|Any CPU
	EndGlobalSection
	GlobalSection(ProjectConfigurationPlatforms) = postSolution
		{737B4D62-9F16-4939-BCD4-4BCD76BAA9CF}.Debug|Any CPU.ActiveCfg = Debug|Any CPU
		{737B4D62-9F16-4939-BCD4-4BCD76BAA9CF}.Debug|Any CPU.Build.0 = Debug|Any CPU
		{737B4D62-9F16-4939-BCD4-4BCD76BAA9CF}.Release|Any CPU.ActiveCfg = Release|Any CPU
		{737B4D62-9F16-4939-BCD4-4BCD76BAA9CF}.Release|Any CPU.Build.0 = Release|Any CPU
		{DEDAF3CA-EDF4-4507-A40E-9684EA5C5EF6}.Debug|Any CPU.ActiveCfg = Debug|Any CPU
		{DEDAF3CA-EDF4-4507-A40E-9684EA5C5EF6}.Debug|Any CPU.Build.0 = Debug|Any CPU
		{DEDAF3CA-EDF4-4507-A40E-9684EA5C5EF6}.Release|Any CPU.ActiveCfg = Release|Any CPU
		{DEDAF3CA-EDF4-4507-A40E-9684EA5C5EF6}.Release|Any CPU.Build.0 = Release|Any CPU
	EndGlobalSection
	GlobalSection(SolutionProperties) = preSolution
		HideSolutionNode = FALSE
	EndGlobalSection
	GlobalSection(ExtensibilityGlobals) = postSolution
		SolutionGuid = {A76DE7DB-4305-46AA-A21E-43390D3CE186}
	EndGlobalSection
EndGlobal
